
Microsoft Visual Studio Solution File, Format Version 12.00
# Visual Studio Version 17
VisualStudioVersion = 17.4.33103.184
MinimumVisualStudioVersion = 10.0.40219.1
Project("{E24C65DC-7377-472B-9ABA-BC803B73C61A}") = "GeneticaCeres", ".", "{220166C6-B0F4-451B-8396-7CC9184BFBB3}"
	ProjectSection(WebsiteProperties) = preProject
		TargetFrameworkMoniker = ".NETFramework,Version%3Dv4.8"
		ProjectReferences = ""
		Debug.AspNetCompiler.VirtualPath = "/ElPatioDeMoreno"
		Debug.AspNetCompiler.PhysicalPath = "..\GeneticaCeres\"
		Debug.AspNetCompiler.TargetPath = "PrecompiledWeb\ElPatioDeMoreno\"
		Debug.AspNetCompiler.Updateable = "true"
		Debug.AspNetCompiler.ForceOverwrite = "true"
		Debug.AspNetCompiler.FixedNames = "false"
		Debug.AspNetCompiler.Debug = "True"
		Release.AspNetCompiler.VirtualPath = "/ElPatioDeMoreno"
		Release.AspNetCompiler.PhysicalPath = "..\GeneticaCeres\"
		Release.AspNetCompiler.TargetPath = "PrecompiledWeb\ElPatioDeMoreno\"
		Release.AspNetCompiler.Updateable = "true"
		Release.AspNetCompiler.ForceOverwrite = "true"
		Release.AspNetCompiler.FixedNames = "false"
		Release.AspNetCompiler.Debug = "False"
		VWDPort = "1771"
		SlnRelativePath = "..\GeneticaCeres\"
		DefaultWebSiteLanguage = "Visual Basic"
	EndProjectSection
EndProject
Global
	GlobalSection(SolutionConfigurationPlatforms) = preSolution
		Debug|.NET = Debug|.NET
		Debug|Any CPU = Debug|Any CPU
		Release|.NET = Release|.NET
		Release|Any CPU = Release|Any CPU
	EndGlobalSection
	GlobalSection(ProjectConfigurationPlatforms) = postSolution
		{220166C6-B0F4-451B-8396-7CC9184BFBB3}.Debug|.NET.ActiveCfg = Debug|Any CPU
		{220166C6-B0F4-451B-8396-7CC9184BFBB3}.Debug|Any CPU.ActiveCfg = Debug|Any CPU
		{220166C6-B0F4-451B-8396-7CC9184BFBB3}.Debug|Any CPU.Build.0 = Debug|Any CPU
		{220166C6-B0F4-451B-8396-7CC9184BFBB3}.Release|.NET.ActiveCfg = Debug|Any CPU
		{220166C6-B0F4-451B-8396-7CC9184BFBB3}.Release|Any CPU.ActiveCfg = Debug|Any CPU
		{220166C6-B0F4-451B-8396-7CC9184BFBB3}.Release|Any CPU.Build.0 = Debug|Any CPU
	EndGlobalSection
	GlobalSection(SolutionProperties) = preSolution
		HideSolutionNode = FALSE
	EndGlobalSection
	GlobalSection(ExtensibilityGlobals) = postSolution
		SolutionGuid = {095D16D8-2407-4C26-B90F-BD8C0D6BF201}
	EndGlobalSection
EndGlobal
